
Microsoft Visual Studio Solution File, Format Version 11.00
# Visual Studio 2010
Project("{FAE04EC0-301F-11D3-BF4B-00C04F79EFBC}") = "OrthogonalTranslationRoom", "Assembly-CSharp-firstpass.csproj", "{4123D862-0086-0EB6-AF7F-1EA152A0CABF}"
EndProject
Project("{FAE04EC0-301F-11D3-BF4B-00C04F79EFBC}") = "OrthogonalTranslationRoom", "Assembly-CSharp.csproj", "{A9E9887A-3909-3AD9-E0A0-D2E21F7E3375}"
EndProject
Project("{FAE04EC0-301F-11D3-BF4B-00C04F79EFBC}") = "OrthogonalTranslationRoom", "Assembly-CSharp-Editor.csproj", "{47F2A456-C5AC-E17B-540B-915B1A842FB6}"
EndProject
Global
	GlobalSection(SolutionConfigurationPlatforms) = preSolution
		Debug|Any CPU = Debug|Any CPU
		Release|Any CPU = Release|Any CPU
	EndGlobalSection
	GlobalSection(ProjectConfigurationPlatforms) = postSolution
		{4123D862-0086-0EB6-AF7F-1EA152A0CABF}.Debug|Any CPU.ActiveCfg = Debug|Any CPU
		{4123D862-0086-0EB6-AF7F-1EA152A0CABF}.Debug|Any CPU.Build.0 = Debug|Any CPU
		{4123D862-0086-0EB6-AF7F-1EA152A0CABF}.Release|Any CPU.ActiveCfg = Release|Any CPU
		{4123D862-0086-0EB6-AF7F-1EA152A0CABF}.Release|Any CPU.Build.0 = Release|Any CPU
		{A9E9887A-3909-3AD9-E0A0-D2E21F7E3375}.Debug|Any CPU.ActiveCfg = Debug|Any CPU
		{A9E9887A-3909-3AD9-E0A0-D2E21F7E3375}.Debug|Any CPU.Build.0 = Debug|Any CPU
		{A9E9887A-3909-3AD9-E0A0-D2E21F7E3375}.Release|Any CPU.ActiveCfg = Release|Any CPU
		{A9E9887A-3909-3AD9-E0A0-D2E21F7E3375}.Release|Any CPU.Build.0 = Release|Any CPU
		{47F2A456-C5AC-E17B-540B-915B1A842FB6}.Debug|Any CPU.ActiveCfg = Debug|Any CPU
		{47F2A456-C5AC-E17B-540B-915B1A842FB6}.Debug|Any CPU.Build.0 = Debug|Any CPU
		{47F2A456-C5AC-E17B-540B-915B1A842FB6}.Release|Any CPU.ActiveCfg = Release|Any CPU
		{47F2A456-C5AC-E17B-540B-915B1A842FB6}.Release|Any CPU.Build.0 = Release|Any CPU
	EndGlobalSection
	GlobalSection(SolutionProperties) = preSolution
		HideSolutionNode = FALSE
	EndGlobalSection
	GlobalSection(MonoDevelopProperties) = preSolution
		StartupItem = Assembly-CSharp.csproj
	EndGlobalSection
EndGlobal
